// !$*UTF8*$!
{
	archiveVersion = 1;
	classes = {
	};
	objectVersion = 46;
	objects = {

/* Begin PBXBuildFile section */
		DC53C9F21AB1BE14008DF320 /* RecordedAudio.swift in Sources */ = {isa = PBXBuildFile; fileRef = DC53C9F11AB1BE14008DF320 /* RecordedAudio.swift */; };
		DC9D9A201AA8E16900210D6E /* AppDelegate.swift in Sources */ = {isa = PBXBuildFile; fileRef = DC9D9A1F1AA8E16900210D6E /* AppDelegate.swift */; };
		DC9D9A251AA8E16900210D6E /* Main.storyboard in Resources */ = {isa = PBXBuildFile; fileRef = DC9D9A231AA8E16900210D6E /* Main.storyboard */; };
		DC9D9A271AA8E16900210D6E /* Images.xcassets in Resources */ = {isa = PBXBuildFile; fileRef = DC9D9A261AA8E16900210D6E /* Images.xcassets */; };
		DC9D9A2A1AA8E16900210D6E /* LaunchScreen.xib in Resources */ = {isa = PBXBuildFile; fileRef = DC9D9A281AA8E16900210D6E /* LaunchScreen.xib */; };
		DC9D9A361AA8E16900210D6E /* Pitch_PerfectTests.swift in Sources */ = {isa = PBXBuildFile; fileRef = DC9D9A351AA8E16900210D6E /* Pitch_PerfectTests.swift */; };
		DC9D9A401AA8E2E700210D6E /* PitchPerfectViewController.swift in Sources */ = {isa = PBXBuildFile; fileRef = DC9D9A3F1AA8E2E700210D6E /* PitchPerfectViewController.swift */; };
		DC9D9A421AA8E91E00210D6E /* PlaySoundsViewController.swift in Sources */ = {isa = PBXBuildFile; fileRef = DC9D9A411AA8E91E00210D6E /* PlaySoundsViewController.swift */; };
/* End PBXBuildFile section */

/* Begin PBXContainerItemProxy section */
		DC9D9A301AA8E16900210D6E /* PBXContainerItemProxy */ = {
			isa = PBXContainerItemProxy;
			containerPortal = DC9D9A121AA8E16900210D6E /* Project object */;
			proxyType = 1;
			remoteGlobalIDString = DC9D9A191AA8E16900210D6E;
			remoteInfo = "Pitch Perfect";
		};
/* End PBXContainerItemProxy section */

/* Begin PBXFileReference section */
		DC53C9F11AB1BE14008DF320 /* RecordedAudio.swift */ = {isa = PBXFileReference; fileEncoding = 4; lastKnownFileType = sourcecode.swift; path = RecordedAudio.swift; sourceTree = "<group>"; };
		DC9D9A1A1AA8E16900210D6E /* Pitch Perfect.app */ = {isa = PBXFileReference; explicitFileType = wrapper.application; includeInIndex = 0; path = "Pitch Perfect.app"; sourceTree = BUILT_PRODUCTS_DIR; };
		DC9D9A1E1AA8E16900210D6E /* Info.plist */ = {isa = PBXFileReference; lastKnownFileType = text.plist.xml; path = Info.plist; sourceTree = "<group>"; };
		DC9D9A1F1AA8E16900210D6E /* AppDelegate.swift */ = {isa = PBXFileReference; lastKnownFileType = sourcecode.swift; path = AppDelegate.swift; sourceTree = "<group>"; };
		DC9D9A241AA8E16900210D6E /* Base */ = {isa = PBXFileReference; lastKnownFileType = file.storyboard; name = Base; path = Base.lproj/Main.storyboard; sourceTree = "<group>"; };
		DC9D9A261AA8E16900210D6E /* Images.xcassets */ = {isa = PBXFileReference; lastKnownFileType = folder.assetcatalog; path = Images.xcassets; sourceTree = "<group>"; };
		DC9D9A291AA8E16900210D6E /* Base */ = {isa = PBXFileReference; lastKnownFileType = file.xib; name = Base; path = Base.lproj/LaunchScreen.xib; sourceTree = "<group>"; };
		DC9D9A2F1AA8E16900210D6E /* Pitch PerfectTests.xctest */ = {isa = PBXFileReference; explicitFileType = wrapper.cfbundle; includeInIndex = 0; path = "Pitch PerfectTests.xctest"; sourceTree = BUILT_PRODUCTS_DIR; };
		DC9D9A341AA8E16900210D6E /* Info.plist */ = {isa = PBXFileReference; lastKnownFileType = text.plist.xml; path = Info.plist; sourceTree = "<group>"; };
		DC9D9A351AA8E16900210D6E /* Pitch_PerfectTests.swift */ = {isa = PBXFileReference; lastKnownFileType = sourcecode.swift; path = Pitch_PerfectTests.swift; sourceTree = "<group>"; };
		DC9D9A3F1AA8E2E700210D6E /* PitchPerfectViewController.swift */ = {isa = PBXFileReference; fileEncoding = 4; lastKnownFileType = sourcecode.swift; path = PitchPerfectViewController.swift; sourceTree = "<group>"; };
		DC9D9A411AA8E91E00210D6E /* PlaySoundsViewController.swift */ = {isa = PBXFileReference; fileEncoding = 4; lastKnownFileType = sourcecode.swift; path = PlaySoundsViewController.swift; sourceTree = "<group>"; };
/* End PBXFileReference section */

/* Begin PBXFrameworksBuildPhase section */
		DC9D9A171AA8E16900210D6E /* Frameworks */ = {
			isa = PBXFrameworksBuildPhase;
			buildActionMask = 2147483647;
			files = (
			);
			runOnlyForDeploymentPostprocessing = 0;
		};
		DC9D9A2C1AA8E16900210D6E /* Frameworks */ = {
			isa = PBXFrameworksBuildPhase;
			buildActionMask = 2147483647;
			files = (
			);
			runOnlyForDeploymentPostprocessing = 0;
		};
/* End PBXFrameworksBuildPhase section */

/* Begin PBXGroup section */
		DC9D9A111AA8E16900210D6E = {
			isa = PBXGroup;
			children = (
				DC9D9A1C1AA8E16900210D6E /* Pitch Perfect */,
				DC9D9A321AA8E16900210D6E /* Pitch PerfectTests */,
				DC9D9A1B1AA8E16900210D6E /* Products */,
			);
			sourceTree = "<group>";
		};
		DC9D9A1B1AA8E16900210D6E /* Products */ = {
			isa = PBXGroup;
			children = (
				DC9D9A1A1AA8E16900210D6E /* Pitch Perfect.app */,
				DC9D9A2F1AA8E16900210D6E /* Pitch PerfectTests.xctest */,
			);
			name = Products;
			sourceTree = "<group>";
		};
		DC9D9A1C1AA8E16900210D6E /* Pitch Perfect */ = {
			isa = PBXGroup;
			children = (
				DC9D9A1F1AA8E16900210D6E /* AppDelegate.swift */,
				DC9D9A3F1AA8E2E700210D6E /* PitchPerfectViewController.swift */,
				DC9D9A411AA8E91E00210D6E /* PlaySoundsViewController.swift */,
				DC53C9F11AB1BE14008DF320 /* RecordedAudio.swift */,
				DC9D9A231AA8E16900210D6E /* Main.storyboard */,
				DC9D9A261AA8E16900210D6E /* Images.xcassets */,
				DC9D9A281AA8E16900210D6E /* LaunchScreen.xib */,
				DC9D9A1D1AA8E16900210D6E /* Supporting Files */,
			);
			path = "Pitch Perfect";
			sourceTree = "<group>";
		};
		DC9D9A1D1AA8E16900210D6E /* Supporting Files */ = {
			isa = PBXGroup;
			children = (
				DC9D9A1E1AA8E16900210D6E /* Info.plist */,
			);
			name = "Supporting Files";
			sourceTree = "<group>";
		};
		DC9D9A321AA8E16900210D6E /* Pitch PerfectTests */ = {
			isa = PBXGroup;
			children = (
				DC9D9A351AA8E16900210D6E /* Pitch_PerfectTests.swift */,
				DC9D9A331AA8E16900210D6E /* Supporting Files */,
			);
			path = "Pitch PerfectTests";
			sourceTree = "<group>";
		};
		DC9D9A331AA8E16900210D6E /* Supporting Files */ = {
			isa = PBXGroup;
			children = (
				DC9D9A341AA8E16900210D6E /* Info.plist */,
			);
			name = "Supporting Files";
			sourceTree = "<group>";
		};
/* End PBXGroup section */

/* Begin PBXNativeTarget section */
		DC9D9A191AA8E16900210D6E /* Pitch Perfect */ = {
			isa = PBXNativeTarget;
			buildConfigurationList = DC9D9A391AA8E16900210D6E /* Build configuration list for PBXNativeTarget "Pitch Perfect" */;
			buildPhases = (
				DC9D9A161AA8E16900210D6E /* Sources */,
				DC9D9A171AA8E16900210D6E /* Frameworks */,
				DC9D9A181AA8E16900210D6E /* Resources */,
			);
			buildRules = (
			);
			dependencies = (
			);
			name = "Pitch Perfect";
			productName = "Pitch Perfect";
			productReference = DC9D9A1A1AA8E16900210D6E /* Pitch Perfect.app */;
			productType = "com.apple.product-type.application";
		};
		DC9D9A2E1AA8E16900210D6E /* Pitch PerfectTests */ = {
			isa = PBXNativeTarget;
			buildConfigurationList = DC9D9A3C1AA8E16900210D6E /* Build configuration list for PBXNativeTarget "Pitch PerfectTests" */;
			buildPhases = (
				DC9D9A2B1AA8E16900210D6E /* Sources */,
				DC9D9A2C1AA8E16900210D6E /* Frameworks */,
				DC9D9A2D1AA8E16900210D6E /* Resources */,
			);
			buildRules = (
			);
			dependencies = (
				DC9D9A311AA8E16900210D6E /* PBXTargetDependency */,
			);
			name = "Pitch PerfectTests";
			productName = "Pitch PerfectTests";
			productReference = DC9D9A2F1AA8E16900210D6E /* Pitch PerfectTests.xctest */;
			productType = "com.apple.product-type.bundle.unit-test";
		};
/* End PBXNativeTarget section */

/* Begin PBXProject section */
		DC9D9A121AA8E16900210D6E /* Project object */ = {
			isa = PBXProject;
			attributes = {
				LastUpgradeCheck = 0610;
				ORGANIZATIONNAME = "Delta Dog";
				TargetAttributes = {
					DC9D9A191AA8E16900210D6E = {
						CreatedOnToolsVersion = 6.1.1;
					};
					DC9D9A2E1AA8E16900210D6E = {
						CreatedOnToolsVersion = 6.1.1;
						TestTargetID = DC9D9A191AA8E16900210D6E;
					};
				};
			};
			buildConfigurationList = DC9D9A151AA8E16900210D6E /* Build configuration list for PBXProject "Pitch Perfect" */;
			compatibilityVersion = "Xcode 3.2";
			developmentRegion = English;
			hasScannedForEncodings = 0;
			knownRegions = (
				en,
				Base,
			);
			mainGroup = DC9D9A111AA8E16900210D6E;
			productRefGroup = DC9D9A1B1AA8E16900210D6E /* Products */;
			projectDirPath = "";
			projectRoot = "";
			targets = (
				DC9D9A191AA8E16900210D6E /* Pitch Perfect */,
				DC9D9A2E1AA8E16900210D6E /* Pitch PerfectTests */,
			);
		};
/* End PBXProject section */

/* Begin PBXResourcesBuildPhase section */
		DC9D9A181AA8E16900210D6E /* Resources */ = {
			isa = PBXResourcesBuildPhase;
			buildActionMask = 2147483647;
			files = (
				DC9D9A251AA8E16900210D6E /* Main.storyboard in Resources */,
				DC9D9A2A1AA8E16900210D6E /* LaunchScreen.xib in Resources */,
				DC9D9A271AA8E16900210D6E /* Images.xcassets in Resources */,
			);
			runOnlyForDeploymentPostprocessing = 0;
		};
		DC9D9A2D1AA8E16900210D6E /* Resources */ = {
			isa = PBXResourcesBuildPhase;
			buildActionMask = 2147483647;
			files = (
			);
			runOnlyForDeploymentPostprocessing = 0;
		};
/* End PBXResourcesBuildPhase section */

/* Begin PBXSourcesBuildPhase section */
		DC9D9A161AA8E16900210D6E /* Sources */ = {
			isa = PBXSourcesBuildPhase;
			buildActionMask = 2147483647;
			files = (
				DC53C9F21AB1BE14008DF320 /* RecordedAudio.swift in Sources */,
				DC9D9A401AA8E2E700210D6E /* PitchPerfectViewController.swift in Sources */,
				DC9D9A421AA8E91E00210D6E /* PlaySoundsViewController.swift in Sources */,
				DC9D9A201AA8E16900210D6E /* AppDelegate.swift in Sources */,
			);
			runOnlyForDeploymentPostprocessing = 0;
		};
		DC9D9A2B1AA8E16900210D6E /* Sources */ = {
			isa = PBXSourcesBuildPhase;
			buildActionMask = 2147483647;
			files = (
				DC9D9A361AA8E16900210D6E /* Pitch_PerfectTests.swift in Sources */,
			);
			runOnlyForDeploymentPostprocessing = 0;
		};
/* End PBXSourcesBuildPhase section */

/* Begin PBXTargetDependency section */
		DC9D9A311AA8E16900210D6E /* PBXTargetDependency */ = {
			isa = PBXTargetDependency;
			target = DC9D9A191AA8E16900210D6E /* Pitch Perfect */;
			targetProxy = DC9D9A301AA8E16900210D6E /* PBXContainerItemProxy */;
		};
/* End PBXTargetDependency section */

/* Begin PBXVariantGroup section */
		DC9D9A231AA8E16900210D6E /* Main.storyboard */ = {
			isa = PBXVariantGroup;
			children = (
				DC9D9A241AA8E16900210D6E /* Base */,
			);
			name = Main.storyboard;
			sourceTree = "<group>";
		};
		DC9D9A281AA8E16900210D6E /* LaunchScreen.xib */ = {
			isa = PBXVariantGroup;
			children = (
				DC9D9A291AA8E16900210D6E /* Base */,
			);
			name = LaunchScreen.xib;
			sourceTree = "<group>";
		};
/* End PBXVariantGroup section */

/* Begin XCBuildConfiguration section */
		DC9D9A371AA8E16900210D6E /* Debug */ = {
			isa = XCBuildConfiguration;
			buildSettings = {
				ALWAYS_SEARCH_USER_PATHS = NO;
				CLANG_CXX_LANGUAGE_STANDARD = "gnu++0x";
				CLANG_CXX_LIBRARY = "libc++";
				CLANG_ENABLE_MODULES = YES;
				CLANG_ENABLE_OBJC_ARC = YES;
				CLANG_WARN_BOOL_CONVERSION = YES;
				CLANG_WARN_CONSTANT_CONVERSION = YES;
				CLANG_WARN_DIRECT_OBJC_ISA_USAGE = YES_ERROR;
				CLANG_WARN_EMPTY_BODY = YES;
				CLANG_WARN_ENUM_CONVERSION = YES;
				CLANG_WARN_INT_CONVERSION = YES;
				CLANG_WARN_OBJC_ROOT_CLASS = YES_ERROR;
				CLANG_WARN_UNREACHABLE_CODE = YES;
				CLANG_WARN__DUPLICATE_METHOD_MATCH = YES;
				"CODE_SIGN_IDENTITY[sdk=iphoneos*]" = "iPhone Developer";
				COPY_PHASE_STRIP = NO;
				ENABLE_STRICT_OBJC_MSGSEND = YES;
				GCC_C_LANGUAGE_STANDARD = gnu99;
				GCC_DYNAMIC_NO_PIC = NO;
				GCC_OPTIMIZATION_LEVEL = 0;
				GCC_PREPROCESSOR_DEFINITIONS = (
					"DEBUG=1",
					"$(inherited)",
				);
				GCC_SYMBOLS_PRIVATE_EXTERN = NO;
				GCC_WARN_64_TO_32_BIT_CONVERSION = YES;
				GCC_WARN_ABOUT_RETURN_TYPE = YES_ERROR;
				GCC_WARN_UNDECLARED_SELECTOR = YES;
				GCC_WARN_UNINITIALIZED_AUTOS = YES_AGGRESSIVE;
				GCC_WARN_UNUSED_FUNCTION = YES;
				GCC_WARN_UNUSED_VARIABLE = YES;
				IPHONEOS_DEPLOYMENT_TARGET = 8.1;
				MTL_ENABLE_DEBUG_INFO = YES;
				ONLY_ACTIVE_ARCH = YES;
				SDKROOT = iphoneos;
				SWIFT_OPTIMIZATION_LEVEL = "-Onone";
				TARGETED_DEVICE_FAMILY = "1,2";
			};
			name = Debug;
		};
		DC9D9A381AA8E16900210D6E /* Release */ = {
			isa = XCBuildConfiguration;
			buildSettings = {
				ALWAYS_SEARCH_USER_PATHS = NO;
				CLANG_CXX_LANGUAGE_STANDARD = "gnu++0x";
				CLANG_CXX_LIBRARY = "libc++";
				CLANG_ENABLE_MODULES = YES;
				CLANG_ENABLE_OBJC_ARC = YES;
				CLANG_WARN_BOOL_CONVERSION = YES;
				CLANG_WARN_CONSTANT_CONVERSION = YES;
				CLANG_WARN_DIRECT_OBJC_ISA_USAGE = YES_ERROR;
				CLANG_WARN_EMPTY_BODY = YES;
				CLANG_WARN_ENUM_CONVERSION = YES;
				CLANG_WARN_INT_CONVERSION = YES;
				CLANG_WARN_OBJC_ROOT_CLASS = YES_ERROR;
				CLANG_WARN_UNREACHABLE_CODE = YES;
				CLANG_WARN__DUPLICATE_METHOD_MATCH = YES;
				"CODE_SIGN_IDENTITY[sdk=iphoneos*]" = "iPhone Developer";
				COPY_PHASE_STRIP = YES;
				ENABLE_NS_ASSERTIONS = NO;
				ENABLE_STRICT_OBJC_MSGSEND = YES;
				GCC_C_LANGUAGE_STANDARD = gnu99;
				GCC_WARN_64_TO_32_BIT_CONVERSION = YES;
				GCC_WARN_ABOUT_RETURN_TYPE = YES_ERROR;
				GCC_WARN_UNDECLARED_SELECTOR = YES;
				GCC_WARN_UNINITIALIZED_AUTOS = YES_AGGRESSIVE;
				GCC_WARN_UNUSED_FUNCTION = YES;
				GCC_WARN_UNUSED_VARIABLE = YES;
				IPHONEOS_DEPLOYMENT_TARGET = 8.1;
				MTL_ENABLE_DEBUG_INFO = NO;
				SDKROOT = iphoneos;
				TARGETED_DEVICE_FAMILY = "1,2";
				VALIDATE_PRODUCT = YES;
			};
			name = Release;
		};
		DC9D9A3A1AA8E16900210D6E /* Debug */ = {
			isa = XCBuildConfiguration;
			buildSettings = {
				ASSETCATALOG_COMPILER_APPICON_NAME = AppIcon;
				INFOPLIST_FILE = "Pitch Perfect/Info.plist";
				LD_RUNPATH_SEARCH_PATHS = "$(inherited) @executable_path/Frameworks";
				PRODUCT_NAME = "$(TARGET_NAME)";
			};
			name = Debug;
		};
		DC9D9A3B1AA8E16900210D6E /* Release */ = {
			isa = XCBuildConfiguration;
			buildSettings = {
				ASSETCATALOG_COMPILER_APPICON_NAME = AppIcon;
				INFOPLIST_FILE = "Pitch Perfect/Info.plist";
				LD_RUNPATH_SEARCH_PATHS = "$(inherited) @executable_path/Frameworks";
				PRODUCT_NAME = "$(TARGET_NAME)";
			};
			name = Release;
		};
		DC9D9A3D1AA8E16900210D6E /* Debug */ = {
			isa = XCBuildConfiguration;
			buildSettings = {
				BUNDLE_LOADER = "$(TEST_HOST)";
				FRAMEWORK_SEARCH_PATHS = (
					"$(SDKROOT)/Developer/Library/Frameworks",
					"$(inherited)",
				);
				GCC_PREPROCESSOR_DEFINITIONS = (
					"DEBUG=1",
					"$(inherited)",
				);
				INFOPLIST_FILE = "Pitch PerfectTests/Info.plist";
				LD_RUNPATH_SEARCH_PATHS = "$(inherited) @executable_path/Frameworks @loader_path/Frameworks";
				PRODUCT_NAME = "$(TARGET_NAME)";
				TEST_HOST = "$(BUILT_PRODUCTS_DIR)/Pitch Perfect.app/Pitch Perfect";
			};
			name = Debug;
		};
		DC9D9A3E1AA8E16900210D6E /* Release */ = {
			isa = XCBuildConfiguration;
			buildSettings = {
				BUNDLE_LOADER = "$(TEST_HOST)";
				FRAMEWORK_SEARCH_PATHS = (
					"$(SDKROOT)/Developer/Library/Frameworks",
					"$(inherited)",
				);
				INFOPLIST_FILE = "Pitch PerfectTests/Info.plist";
				LD_RUNPATH_SEARCH_PATHS = "$(inherited) @executable_path/Frameworks @loader_path/Frameworks";
				PRODUCT_NAME = "$(TARGET_NAME)";
				TEST_HOST = "$(BUILT_PRODUCTS_DIR)/Pitch Perfect.app/Pitch Perfect";
			};
			name = Release;
		};
/* End XCBuildConfiguration section */

/* Begin XCConfigurationList section */
		DC9D9A151AA8E16900210D6E /* Build configuration list for PBXProject "Pitch Perfect" */ = {
			isa = XCConfigurationList;
			buildConfigurations = (
				DC9D9A371AA8E16900210D6E /* Debug */,
				DC9D9A381AA8E16900210D6E /* Release */,
			);
			defaultConfigurationIsVisible = 0;
			defaultConfigurationName = Release;
		};
		DC9D9A391AA8E16900210D6E /* Build configuration list for PBXNativeTarget "Pitch Perfect" */ = {
			isa = XCConfigurationList;
			buildConfigurations = (
				DC9D9A3A1AA8E16900210D6E /* Debug */,
				DC9D9A3B1AA8E16900210D6E /* Release */,
			);
			defaultConfigurationIsVisible = 0;
			defaultConfigurationName = Release;
		};
		DC9D9A3C1AA8E16900210D6E /* Build configuration list for PBXNativeTarget "Pitch PerfectTests" */ = {
			isa = XCConfigurationList;
			buildConfigurations = (
				DC9D9A3D1AA8E16900210D6E /* Debug */,
				DC9D9A3E1AA8E16900210D6E /* Release */,
			);
			defaultConfigurationIsVisible = 0;
			defaultConfigurationName = Release;
		};
/* End XCConfigurationList section */
	};
	rootObject = DC9D9A121AA8E16900210D6E /* Project object */;
}
